
Microsoft Visual Studio Solution File, Format Version 12.00
# Visual Studio Version 17
VisualStudioVersion = 17.0.32126.317
MinimumVisualStudioVersion = 10.0.40219.1
Project("{FAE04EC0-301F-11D3-BF4B-00C04F79EFBC}") = "TechnicalTask.Data", "TechnicalTask.Data\TechnicalTask.Data.csproj", "{954B5B28-BDDA-4F36-BF1E-3A311D990BFA}"
EndProject
Global
	GlobalSection(SolutionConfigurationPlatforms) = preSolution
		Debug|Any CPU = Debug|Any CPU
		Release|Any CPU = Release|Any CPU
	EndGlobalSection
	GlobalSection(ProjectConfigurationPlatforms) = postSolution
		{954B5B28-BDDA-4F36-BF1E-3A311D990BFA}.Debug|Any CPU.ActiveCfg = Debug|Any CPU
		{954B5B28-BDDA-4F36-BF1E-3A311D990BFA}.Debug|Any CPU.Build.0 = Debug|Any CPU
		{954B5B28-BDDA-4F36-BF1E-3A311D990BFA}.Release|Any CPU.ActiveCfg = Release|Any CPU
		{954B5B28-BDDA-4F36-BF1E-3A311D990BFA}.Release|Any CPU.Build.0 = Release|Any CPU
	EndGlobalSection
	GlobalSection(SolutionProperties) = preSolution
		HideSolutionNode = FALSE
	EndGlobalSection
	GlobalSection(ExtensibilityGlobals) = postSolution
		SolutionGuid = {9525C7E1-53C4-4F47-9DBD-7D3ADBD4CCD6}
	EndGlobalSection
EndGlobal
